{
  "name": "udi.js-codegen",
  "version": "0.0.1-alpha",
  "lockfileVersion": 3,
  "requires": true,
  "packages": {
    "": {
      "name": "udi.js-codegen",
      "version": "0.0.1-alpha",
      "license": "ISC",
      "dependencies": {
        "isy-nodejs": "../../packages/isy-nodejs"
      }
    },
    "../../packages/isy-nodejs": {
      "version": "1.0.0-alpha.2.0",
      "license": "MIT",
      "dependencies": {
        "@log4js-node/log4js-api": "^1.0.2",
        "@project-chip/matter-node.js": "^0.10.0-alpha.0-20240820-846ffb01",
        "@project-chip/matter.js": "^0.10.0-alpha.0-20240820-846ffb01",
        "axios": "^1.7.4",
        "fast-xml-parser": "^4.4.1",
        "faye-websocket": "^0.11.4",
        "mocha": "^7.2.0",
        "p-queue": "^6.6.1",
        "winston": "^3.13.0",
        "xml2js": "^0.6.2"
      },
      "devDependencies": {
        "@types/node": "^18.18.2",
        "@types/xml2js": "",
        "@types/xmldoc": "",
        "mocha": "",
        "rimraf": "^5.0.7"
      }
    },
    "node_modules/isy-nodejs": {
      "resolved": "../../packages/isy-nodejs",
      "link": true
    }
  }
}
