{
  "name": "udi.js-codegen",
  "version": "0.0.1-alpha",
  "lockfileVersion": 3,
  "requires": true,
  "packages": {
    "": {
      "name": "udi.js-codegen",
      "version": "0.0.1-alpha",
      "license": "MIT",
      "dependencies": {
        "isy-nodejs": "../../packages/isy-nodejs"
      },
      "bin": {
        "udi.js-codegen": "generate.js"
      }
    },
    "../../packages/isy-nodejs": {
      "version": "1.0.9-alpha.1",
      "license": "MIT",
      "dependencies": {
        "@log4js-node/log4js-api": "^1.0.2",
        "@matter/general": "^0.11.9",
        "@matter/main": "^0.11.9",
        "@matter/types": "^0.11.9",
        "@project-chip/matter-node.js": "^0.11.9",
        "@project-chip/matter.js": "^0.11.9",
        "@types/ws": "^8.5.13",
        "axios": "^1.7.9",
        "fast-xml-parser": "^4.5.0",
        "mocha": "^11.0.1",
        "p-queue": "^8.0.1",
        "type-fest": "4.30.0",
        "winston": "^3.17.0",
        "ws": "^8.18.0",
        "xml2js": "^0.6.2"
      },
      "devDependencies": {
        "@types/node": "^22.7.5",
        "@types/xml2js": "",
        "@types/xmldoc": "",
        "microdiff": "^1.4.0",
        "mocha": "",
        "rimraf": "^6.0.1"
      }
    },
    "node_modules/isy-nodejs": {
      "resolved": "../../packages/isy-nodejs",
      "link": true
    }
  }
}
